
Microsoft Visual Studio Solution File, Format Version 12.00
# Visual Studio Version 17
VisualStudioVersion = 17.0.31903.59
MinimumVisualStudioVersion = 10.0.40219.1
Project("{FAE04EC0-301F-11D3-BF4B-00C04F79EFBC}") = "API", "API\API.csproj", "{71FB5DE8-558E-4D5B-993A-D5759E93FF74}"
EndProject
Project("{FAE04EC0-301F-11D3-BF4B-00C04F79EFBC}") = "Application", "Application\Application.csproj", "{3F49AFA6-6A3C-40D7-A5C5-8BB489E08FF7}"
EndProject
Project("{FAE04EC0-301F-11D3-BF4B-00C04F79EFBC}") = "Domain", "Domain\Domain.csproj", "{365325CC-B110-4A1D-882B-2E2E006425B3}"
EndProject
Project("{FAE04EC0-301F-11D3-BF4B-00C04F79EFBC}") = "Persistence", "Persistence\Persistence.csproj", "{B603E411-FB1C-4B86-9E4F-0B095FEE14AC}"
EndProject
Project("{FAE04EC0-301F-11D3-BF4B-00C04F79EFBC}") = "Infrastructure", "Infrastructure\Infrastructure.csproj", "{AE6519CF-7C35-4AF7-8669-7D264A631B65}"
EndProject
Global
	GlobalSection(SolutionConfigurationPlatforms) = preSolution
		Debug|Any CPU = Debug|Any CPU
		Release|Any CPU = Release|Any CPU
	EndGlobalSection
	GlobalSection(SolutionProperties) = preSolution
		HideSolutionNode = FALSE
	EndGlobalSection
	GlobalSection(ProjectConfigurationPlatforms) = postSolution
		{71FB5DE8-558E-4D5B-993A-D5759E93FF74}.Debug|Any CPU.ActiveCfg = Debug|Any CPU
		{71FB5DE8-558E-4D5B-993A-D5759E93FF74}.Debug|Any CPU.Build.0 = Debug|Any CPU
		{71FB5DE8-558E-4D5B-993A-D5759E93FF74}.Release|Any CPU.ActiveCfg = Release|Any CPU
		{71FB5DE8-558E-4D5B-993A-D5759E93FF74}.Release|Any CPU.Build.0 = Release|Any CPU
		{3F49AFA6-6A3C-40D7-A5C5-8BB489E08FF7}.Debug|Any CPU.ActiveCfg = Debug|Any CPU
		{3F49AFA6-6A3C-40D7-A5C5-8BB489E08FF7}.Debug|Any CPU.Build.0 = Debug|Any CPU
		{3F49AFA6-6A3C-40D7-A5C5-8BB489E08FF7}.Release|Any CPU.ActiveCfg = Release|Any CPU
		{3F49AFA6-6A3C-40D7-A5C5-8BB489E08FF7}.Release|Any CPU.Build.0 = Release|Any CPU
		{365325CC-B110-4A1D-882B-2E2E006425B3}.Debug|Any CPU.ActiveCfg = Debug|Any CPU
		{365325CC-B110-4A1D-882B-2E2E006425B3}.Debug|Any CPU.Build.0 = Debug|Any CPU
		{365325CC-B110-4A1D-882B-2E2E006425B3}.Release|Any CPU.ActiveCfg = Release|Any CPU
		{365325CC-B110-4A1D-882B-2E2E006425B3}.Release|Any CPU.Build.0 = Release|Any CPU
		{B603E411-FB1C-4B86-9E4F-0B095FEE14AC}.Debug|Any CPU.ActiveCfg = Debug|Any CPU
		{B603E411-FB1C-4B86-9E4F-0B095FEE14AC}.Debug|Any CPU.Build.0 = Debug|Any CPU
		{B603E411-FB1C-4B86-9E4F-0B095FEE14AC}.Release|Any CPU.ActiveCfg = Release|Any CPU
		{B603E411-FB1C-4B86-9E4F-0B095FEE14AC}.Release|Any CPU.Build.0 = Release|Any CPU
		{AE6519CF-7C35-4AF7-8669-7D264A631B65}.Debug|Any CPU.ActiveCfg = Debug|Any CPU
		{AE6519CF-7C35-4AF7-8669-7D264A631B65}.Debug|Any CPU.Build.0 = Debug|Any CPU
		{AE6519CF-7C35-4AF7-8669-7D264A631B65}.Release|Any CPU.ActiveCfg = Release|Any CPU
		{AE6519CF-7C35-4AF7-8669-7D264A631B65}.Release|Any CPU.Build.0 = Release|Any CPU
	EndGlobalSection
EndGlobal
